
Microsoft Visual Studio Solution File, Format Version 12.00
# Visual Studio Version 17
VisualStudioVersion = 17.0.32014.148
MinimumVisualStudioVersion = 10.0.40219.1
Project("{FAE04EC0-301F-11D3-BF4B-00C04F79EFBC}") = "Yoli.Core.WebApi", "Yuli.Core.App\Yoli.Core.WebApi.csproj", "{7C0C94BE-7230-4A19-BE58-4EC8E588E28E}"
EndProject
Project("{FAE04EC0-301F-11D3-BF4B-00C04F79EFBC}") = "Yoli.Core.Domain", "Yoli.Core.Domain\Yoli.Core.Domain.csproj", "{DB3B74CC-C1B2-4BCE-BC8D-F2003A1884E0}"
EndProject
Global
	GlobalSection(SolutionConfigurationPlatforms) = preSolution
		Debug|Any CPU = Debug|Any CPU
		Release|Any CPU = Release|Any CPU
	EndGlobalSection
	GlobalSection(ProjectConfigurationPlatforms) = postSolution
		{7C0C94BE-7230-4A19-BE58-4EC8E588E28E}.Debug|Any CPU.ActiveCfg = Debug|Any CPU
		{7C0C94BE-7230-4A19-BE58-4EC8E588E28E}.Debug|Any CPU.Build.0 = Debug|Any CPU
		{7C0C94BE-7230-4A19-BE58-4EC8E588E28E}.Release|Any CPU.ActiveCfg = Release|Any CPU
		{7C0C94BE-7230-4A19-BE58-4EC8E588E28E}.Release|Any CPU.Build.0 = Release|Any CPU
		{DB3B74CC-C1B2-4BCE-BC8D-F2003A1884E0}.Debug|Any CPU.ActiveCfg = Debug|Any CPU
		{DB3B74CC-C1B2-4BCE-BC8D-F2003A1884E0}.Debug|Any CPU.Build.0 = Debug|Any CPU
		{DB3B74CC-C1B2-4BCE-BC8D-F2003A1884E0}.Release|Any CPU.ActiveCfg = Release|Any CPU
		{DB3B74CC-C1B2-4BCE-BC8D-F2003A1884E0}.Release|Any CPU.Build.0 = Release|Any CPU
	EndGlobalSection
	GlobalSection(SolutionProperties) = preSolution
		HideSolutionNode = FALSE
	EndGlobalSection
	GlobalSection(ExtensibilityGlobals) = postSolution
		SolutionGuid = {64866C8D-AD9C-47D3-8D12-A66763D938EF}
	EndGlobalSection
EndGlobal
